
Microsoft Visual Studio Solution File, Format Version 12.00
# Visual Studio 15
Project("{2150E333-8FDC-42A3-9474-1A3956D46DE8}") = "1.Catalog", "1.Catalog", "{0EA80D2E-78FD-4147-8C81-E9CA46B1F519}"
EndProject
Project("{2150E333-8FDC-42A3-9474-1A3956D46DE8}") = "5.Sales", "5.Sales", "{D323EAB4-1AE7-4EE2-9E76-49A21123BBD6}"
EndProject
Project("{2150E333-8FDC-42A3-9474-1A3956D46DE8}") = "4.Payments", "4.Payments", "{918EA970-8EF4-4D3C-BF4F-45B99ED2F949}"
EndProject
Project("{2150E333-8FDC-42A3-9474-1A3956D46DE8}") = "6.Shippings", "6.Shippings", "{74DC7F43-AA18-4B67-A9A4-7B01F13954CC}"
EndProject
Project("{2150E333-8FDC-42A3-9474-1A3956D46DE8}") = "2.CheckOut", "2.CheckOut", "{6B500229-70AC-4AC8-8F74-EB5A822A1B13}"
EndProject
Project("{2150E333-8FDC-42A3-9474-1A3956D46DE8}") = "3.Marketing", "3.Marketing", "{3D7E2FD2-FC71-4A9B-BEA1-81DCD6E9998F}"
EndProject
Project("{FAE04EC0-301F-11D3-BF4B-00C04F79EFBC}") = "Sales.Persistence", "Sales\src\Sales.Persistence\Sales.Persistence.csproj", "{B82474CC-F413-4314-9F05-6EC6EC6BCE9D}"
EndProject
Project("{FAE04EC0-301F-11D3-BF4B-00C04F79EFBC}") = "Sales.API", "Sales\src\Sales.API\Sales.API.csproj", "{4521F2AE-4985-4448-B62A-274BF1D1C648}"
EndProject
Project("{FAE04EC0-301F-11D3-BF4B-00C04F79EFBC}") = "Sales.Domain", "Sales\src\Sales.Domain\Sales.Domain.csproj", "{EA3B5565-33BE-4E97-AB73-FB1C0AF6949C}"
EndProject
Project("{FAE04EC0-301F-11D3-BF4B-00C04F79EFBC}") = "Sales.Application", "Sales\src\Sales.Application\Sales.Application.csproj", "{08F7C52D-D730-4198-B7BA-F0E7F4A255DC}"
EndProject
Project("{FAE04EC0-301F-11D3-BF4B-00C04F79EFBC}") = "Sales.Infrastructure", "Sales\src\Sales.Infrastructure\Sales.Infrastructure.csproj", "{D24723E9-E7CF-4746-B23B-05943ED3DB99}"
EndProject
Project("{FAE04EC0-301F-11D3-BF4B-00C04F79EFBC}") = "Sales.Worker", "Sales\src\Sales.Worker\Sales.Worker.csproj", "{D15981A1-A376-4054-8BEB-8970B480C60E}"
EndProject
Project("{FAE04EC0-301F-11D3-BF4B-00C04F79EFBC}") = "Catalog.Persistence", "Catalog\src\Catalog.Persistence\Catalog.Persistence.csproj", "{62112987-C23D-45EE-BEC1-40ACC3C4AA16}"
EndProject
Project("{FAE04EC0-301F-11D3-BF4B-00C04F79EFBC}") = "Catalog.Worker", "Catalog\src\Catalog.Worker\Catalog.Worker.csproj", "{14C0AB79-46AF-4C8D-B6CD-9F7F260E4232}"
EndProject
Project("{FAE04EC0-301F-11D3-BF4B-00C04F79EFBC}") = "Catalog.Infrastructure", "Catalog\src\Catalog.Infrastructure\Catalog.Infrastructure.csproj", "{AEBD4B8C-5E65-4ADC-A0E5-F915010EB524}"
EndProject
Project("{FAE04EC0-301F-11D3-BF4B-00C04F79EFBC}") = "Catalog.Domain", "Catalog\src\Catalog.Domain\Catalog.Domain.csproj", "{B11D7D2B-473C-492D-B776-D561C58F24AF}"
EndProject
Project("{FAE04EC0-301F-11D3-BF4B-00C04F79EFBC}") = "Catalog.Application", "Catalog\src\Catalog.Application\Catalog.Application.csproj", "{3B608084-1E12-4555-9CB5-4CC0A70133AB}"
EndProject
Project("{FAE04EC0-301F-11D3-BF4B-00C04F79EFBC}") = "Catalog.API", "Catalog\src\Catalog.API\Catalog.API.csproj", "{BE7EE2E0-8425-4347-9750-EDFAC98573B7}"
EndProject
Project("{FAE04EC0-301F-11D3-BF4B-00C04F79EFBC}") = "CheckOut.Worker", "CheckOut\src\CheckOut.Worker\CheckOut.Worker.csproj", "{10425C18-AD8C-4E9C-A81C-AA0B5AA24D86}"
EndProject
Project("{FAE04EC0-301F-11D3-BF4B-00C04F79EFBC}") = "CheckOut.Persistence", "CheckOut\src\CheckOut.Persistence\CheckOut.Persistence.csproj", "{9B8DD7D1-5923-4A68-9F12-A9E159C2E102}"
EndProject
Project("{FAE04EC0-301F-11D3-BF4B-00C04F79EFBC}") = "CheckOut.Infrastructure", "CheckOut\src\CheckOut.Infrastructure\CheckOut.Infrastructure.csproj", "{EB8ECBA1-1203-4128-9CD1-54CD98330B18}"
EndProject
Project("{FAE04EC0-301F-11D3-BF4B-00C04F79EFBC}") = "CheckOut.Domain", "CheckOut\src\CheckOut.Domain\CheckOut.Domain.csproj", "{19E52CA4-3053-46C2-8E67-1C59701CBA21}"
EndProject
Project("{FAE04EC0-301F-11D3-BF4B-00C04F79EFBC}") = "CheckOut.Application", "CheckOut\src\CheckOut.Application\CheckOut.Application.csproj", "{2A558D4B-7C39-48D0-9332-1C43CD8FDF7C}"
EndProject
Project("{FAE04EC0-301F-11D3-BF4B-00C04F79EFBC}") = "CheckOut.API", "CheckOut\src\CheckOut.API\CheckOut.API.csproj", "{63ECC815-B89D-46D0-9804-3F9CF1EFD7B1}"
EndProject
Project("{FAE04EC0-301F-11D3-BF4B-00C04F79EFBC}") = "Payments.Worker", "Payments\src\Payments.Worker\Payments.Worker.csproj", "{AB25E42B-8462-4539-A076-8ADCCB3E6940}"
EndProject
Project("{FAE04EC0-301F-11D3-BF4B-00C04F79EFBC}") = "Payments.Persistence", "Payments\src\Payments.Persistence\Payments.Persistence.csproj", "{192FD39E-C6E3-4D7F-A231-E3F42648B90B}"
EndProject
Project("{FAE04EC0-301F-11D3-BF4B-00C04F79EFBC}") = "Payments.Infrastructure", "Payments\src\Payments.Infrastructure\Payments.Infrastructure.csproj", "{C500AE54-85CF-4B08-9B40-62C85D7672D9}"
EndProject
Project("{FAE04EC0-301F-11D3-BF4B-00C04F79EFBC}") = "Payments.Domain", "Payments\src\Payments.Domain\Payments.Domain.csproj", "{64B2BF98-DF42-471C-B0F3-3001D2786E77}"
EndProject
Project("{FAE04EC0-301F-11D3-BF4B-00C04F79EFBC}") = "Payments.Application", "Payments\src\Payments.Application\Payments.Application.csproj", "{DB7C53AB-A6D6-4A94-AB42-0E1A9A8B3FF0}"
EndProject
Project("{FAE04EC0-301F-11D3-BF4B-00C04F79EFBC}") = "Payments.API", "Payments\src\Payments.API\Payments.API.csproj", "{3D6EF1D9-D7D3-47B4-A498-D484E40202EF}"
EndProject
Project("{FAE04EC0-301F-11D3-BF4B-00C04F79EFBC}") = "Shippings.Worker", "Shippings\src\Shippings.Worker\Shippings.Worker.csproj", "{4C16A0C2-04FB-4338-9986-C45BAA6CF417}"
EndProject
Project("{FAE04EC0-301F-11D3-BF4B-00C04F79EFBC}") = "Shippings.Persistence", "Shippings\src\Shippings.Persistence\Shippings.Persistence.csproj", "{8996B605-8272-45E2-A648-1481A5057905}"
EndProject
Project("{FAE04EC0-301F-11D3-BF4B-00C04F79EFBC}") = "Shippings.Infrastructure", "Shippings\src\Shippings.Infrastructure\Shippings.Infrastructure.csproj", "{4616FDC5-ADB1-4CDE-A45F-553FEF2A27C0}"
EndProject
Project("{FAE04EC0-301F-11D3-BF4B-00C04F79EFBC}") = "Shippings.Domain", "Shippings\src\Shippings.Domain\Shippings.Domain.csproj", "{7A7949D0-A99F-486E-AEA0-B6AF5BDC51C6}"
EndProject
Project("{FAE04EC0-301F-11D3-BF4B-00C04F79EFBC}") = "Shippings.Application", "Shippings\src\Shippings.Application\Shippings.Application.csproj", "{4E49E58D-02AE-4051-91AB-D724038BC778}"
EndProject
Project("{FAE04EC0-301F-11D3-BF4B-00C04F79EFBC}") = "Shippings.API", "Shippings\src\Shippings.API\Shippings.API.csproj", "{616121FA-F8B6-4FA9-BE92-9192116AE2B0}"
EndProject
Project("{FAE04EC0-301F-11D3-BF4B-00C04F79EFBC}") = "Vouchers.Worker", "Marketing\src\Vouchers.Worker\Vouchers.Worker.csproj", "{C32CAB56-7365-4443-A779-8F58BA5BEAAD}"
EndProject
Project("{FAE04EC0-301F-11D3-BF4B-00C04F79EFBC}") = "Vouchers.Persistence", "Marketing\src\Vouchers.Persistence\Vouchers.Persistence.csproj", "{2E28A3D9-FB14-42B1-9ACC-8572ED3FC250}"
EndProject
Project("{FAE04EC0-301F-11D3-BF4B-00C04F79EFBC}") = "Vouchers.Infrastructure", "Marketing\src\Vouchers.Infrastructure\Vouchers.Infrastructure.csproj", "{FB4D02EB-1FA8-4397-9E9D-9DAF47E62B72}"
EndProject
Project("{FAE04EC0-301F-11D3-BF4B-00C04F79EFBC}") = "Vouchers.Domain", "Marketing\src\Vouchers.Domain\Vouchers.Domain.csproj", "{A58D0C3D-8E9B-4C5A-B4C3-2FC6BEC36B12}"
EndProject
Project("{FAE04EC0-301F-11D3-BF4B-00C04F79EFBC}") = "Vouchers.Application", "Marketing\src\Vouchers.Application\Vouchers.Application.csproj", "{3659B124-4EB8-4D5C-A123-A24E77D4EF74}"
EndProject
Project("{FAE04EC0-301F-11D3-BF4B-00C04F79EFBC}") = "Vouchers.API", "Marketing\src\Vouchers.API\Vouchers.API.csproj", "{BA867402-47D1-45C1-8ED0-ED281BC5602A}"
EndProject
Project("{2150E333-8FDC-42A3-9474-1A3956D46DE8}") = "0.Gateway", "0.Gateway", "{0F486681-D654-4D2A-AD8A-FE7D617628CC}"
EndProject
Project("{FAE04EC0-301F-11D3-BF4B-00C04F79EFBC}") = "Ecommerce.API", "Ecommerce\Ecommerce.API.csproj", "{CBD7E6CE-41EC-43E8-AAF7-E88EB7B4CB72}"
EndProject
Project("{FAE04EC0-301F-11D3-BF4B-00C04F79EFBC}") = "Search.Worker", "Search\src\Search.Worker\Search.Worker.csproj", "{62784BC2-B97D-4C6C-B994-4073F9839DFD}"
EndProject
Project("{FAE04EC0-301F-11D3-BF4B-00C04F79EFBC}") = "Search.API", "Search\src\Search.API\Search.API.csproj", "{6CEC217B-C34F-489C-ACFD-421210574D48}"
EndProject
Project("{FAE04EC0-301F-11D3-BF4B-00C04F79EFBC}") = "Catalog.Messages", "Catalog\src\Catalog.Messages\Catalog.Messages.csproj", "{6789A6D0-2F26-48C4-9617-029713D7BED8}"
EndProject
Project("{FAE04EC0-301F-11D3-BF4B-00C04F79EFBC}") = "Search.Index", "Search\src\Search.Index\Search.Index.csproj", "{1EA69972-971F-46DF-A94A-A7907A927F60}"
EndProject
Project("{FAE04EC0-301F-11D3-BF4B-00C04F79EFBC}") = "Payments.Integration", "Payments\src\Payments.Integration\Payments.Integration.csproj", "{CFD644EE-EE1A-4CED-BCBA-6BD37EB93EAE}"
EndProject
Global
	GlobalSection(SolutionConfigurationPlatforms) = preSolution
		Debug|Any CPU = Debug|Any CPU
		Release|Any CPU = Release|Any CPU
	EndGlobalSection
	GlobalSection(ProjectConfigurationPlatforms) = postSolution
		{B82474CC-F413-4314-9F05-6EC6EC6BCE9D}.Debug|Any CPU.ActiveCfg = Debug|Any CPU
		{B82474CC-F413-4314-9F05-6EC6EC6BCE9D}.Debug|Any CPU.Build.0 = Debug|Any CPU
		{B82474CC-F413-4314-9F05-6EC6EC6BCE9D}.Release|Any CPU.ActiveCfg = Release|Any CPU
		{B82474CC-F413-4314-9F05-6EC6EC6BCE9D}.Release|Any CPU.Build.0 = Release|Any CPU
		{4521F2AE-4985-4448-B62A-274BF1D1C648}.Debug|Any CPU.ActiveCfg = Debug|Any CPU
		{4521F2AE-4985-4448-B62A-274BF1D1C648}.Debug|Any CPU.Build.0 = Debug|Any CPU
		{4521F2AE-4985-4448-B62A-274BF1D1C648}.Release|Any CPU.ActiveCfg = Release|Any CPU
		{4521F2AE-4985-4448-B62A-274BF1D1C648}.Release|Any CPU.Build.0 = Release|Any CPU
		{EA3B5565-33BE-4E97-AB73-FB1C0AF6949C}.Debug|Any CPU.ActiveCfg = Debug|Any CPU
		{EA3B5565-33BE-4E97-AB73-FB1C0AF6949C}.Debug|Any CPU.Build.0 = Debug|Any CPU
		{EA3B5565-33BE-4E97-AB73-FB1C0AF6949C}.Release|Any CPU.ActiveCfg = Release|Any CPU
		{EA3B5565-33BE-4E97-AB73-FB1C0AF6949C}.Release|Any CPU.Build.0 = Release|Any CPU
		{08F7C52D-D730-4198-B7BA-F0E7F4A255DC}.Debug|Any CPU.ActiveCfg = Debug|Any CPU
		{08F7C52D-D730-4198-B7BA-F0E7F4A255DC}.Debug|Any CPU.Build.0 = Debug|Any CPU
		{08F7C52D-D730-4198-B7BA-F0E7F4A255DC}.Release|Any CPU.ActiveCfg = Release|Any CPU
		{08F7C52D-D730-4198-B7BA-F0E7F4A255DC}.Release|Any CPU.Build.0 = Release|Any CPU
		{D24723E9-E7CF-4746-B23B-05943ED3DB99}.Debug|Any CPU.ActiveCfg = Debug|Any CPU
		{D24723E9-E7CF-4746-B23B-05943ED3DB99}.Debug|Any CPU.Build.0 = Debug|Any CPU
		{D24723E9-E7CF-4746-B23B-05943ED3DB99}.Release|Any CPU.ActiveCfg = Release|Any CPU
		{D24723E9-E7CF-4746-B23B-05943ED3DB99}.Release|Any CPU.Build.0 = Release|Any CPU
		{D15981A1-A376-4054-8BEB-8970B480C60E}.Debug|Any CPU.ActiveCfg = Debug|Any CPU
		{D15981A1-A376-4054-8BEB-8970B480C60E}.Debug|Any CPU.Build.0 = Debug|Any CPU
		{D15981A1-A376-4054-8BEB-8970B480C60E}.Release|Any CPU.ActiveCfg = Release|Any CPU
		{D15981A1-A376-4054-8BEB-8970B480C60E}.Release|Any CPU.Build.0 = Release|Any CPU
		{62112987-C23D-45EE-BEC1-40ACC3C4AA16}.Debug|Any CPU.ActiveCfg = Debug|Any CPU
		{62112987-C23D-45EE-BEC1-40ACC3C4AA16}.Debug|Any CPU.Build.0 = Debug|Any CPU
		{62112987-C23D-45EE-BEC1-40ACC3C4AA16}.Release|Any CPU.ActiveCfg = Release|Any CPU
		{62112987-C23D-45EE-BEC1-40ACC3C4AA16}.Release|Any CPU.Build.0 = Release|Any CPU
		{14C0AB79-46AF-4C8D-B6CD-9F7F260E4232}.Debug|Any CPU.ActiveCfg = Debug|Any CPU
		{14C0AB79-46AF-4C8D-B6CD-9F7F260E4232}.Debug|Any CPU.Build.0 = Debug|Any CPU
		{14C0AB79-46AF-4C8D-B6CD-9F7F260E4232}.Release|Any CPU.ActiveCfg = Release|Any CPU
		{14C0AB79-46AF-4C8D-B6CD-9F7F260E4232}.Release|Any CPU.Build.0 = Release|Any CPU
		{AEBD4B8C-5E65-4ADC-A0E5-F915010EB524}.Debug|Any CPU.ActiveCfg = Debug|Any CPU
		{AEBD4B8C-5E65-4ADC-A0E5-F915010EB524}.Debug|Any CPU.Build.0 = Debug|Any CPU
		{AEBD4B8C-5E65-4ADC-A0E5-F915010EB524}.Release|Any CPU.ActiveCfg = Release|Any CPU
		{AEBD4B8C-5E65-4ADC-A0E5-F915010EB524}.Release|Any CPU.Build.0 = Release|Any CPU
		{B11D7D2B-473C-492D-B776-D561C58F24AF}.Debug|Any CPU.ActiveCfg = Debug|Any CPU
		{B11D7D2B-473C-492D-B776-D561C58F24AF}.Debug|Any CPU.Build.0 = Debug|Any CPU
		{B11D7D2B-473C-492D-B776-D561C58F24AF}.Release|Any CPU.ActiveCfg = Release|Any CPU
		{B11D7D2B-473C-492D-B776-D561C58F24AF}.Release|Any CPU.Build.0 = Release|Any CPU
		{3B608084-1E12-4555-9CB5-4CC0A70133AB}.Debug|Any CPU.ActiveCfg = Debug|Any CPU
		{3B608084-1E12-4555-9CB5-4CC0A70133AB}.Debug|Any CPU.Build.0 = Debug|Any CPU
		{3B608084-1E12-4555-9CB5-4CC0A70133AB}.Release|Any CPU.ActiveCfg = Release|Any CPU
		{3B608084-1E12-4555-9CB5-4CC0A70133AB}.Release|Any CPU.Build.0 = Release|Any CPU
		{BE7EE2E0-8425-4347-9750-EDFAC98573B7}.Debug|Any CPU.ActiveCfg = Debug|Any CPU
		{BE7EE2E0-8425-4347-9750-EDFAC98573B7}.Debug|Any CPU.Build.0 = Debug|Any CPU
		{BE7EE2E0-8425-4347-9750-EDFAC98573B7}.Release|Any CPU.ActiveCfg = Release|Any CPU
		{BE7EE2E0-8425-4347-9750-EDFAC98573B7}.Release|Any CPU.Build.0 = Release|Any CPU
		{10425C18-AD8C-4E9C-A81C-AA0B5AA24D86}.Debug|Any CPU.ActiveCfg = Debug|Any CPU
		{10425C18-AD8C-4E9C-A81C-AA0B5AA24D86}.Debug|Any CPU.Build.0 = Debug|Any CPU
		{10425C18-AD8C-4E9C-A81C-AA0B5AA24D86}.Release|Any CPU.ActiveCfg = Release|Any CPU
		{10425C18-AD8C-4E9C-A81C-AA0B5AA24D86}.Release|Any CPU.Build.0 = Release|Any CPU
		{9B8DD7D1-5923-4A68-9F12-A9E159C2E102}.Debug|Any CPU.ActiveCfg = Debug|Any CPU
		{9B8DD7D1-5923-4A68-9F12-A9E159C2E102}.Debug|Any CPU.Build.0 = Debug|Any CPU
		{9B8DD7D1-5923-4A68-9F12-A9E159C2E102}.Release|Any CPU.ActiveCfg = Release|Any CPU
		{9B8DD7D1-5923-4A68-9F12-A9E159C2E102}.Release|Any CPU.Build.0 = Release|Any CPU
		{EB8ECBA1-1203-4128-9CD1-54CD98330B18}.Debug|Any CPU.ActiveCfg = Debug|Any CPU
		{EB8ECBA1-1203-4128-9CD1-54CD98330B18}.Debug|Any CPU.Build.0 = Debug|Any CPU
		{EB8ECBA1-1203-4128-9CD1-54CD98330B18}.Release|Any CPU.ActiveCfg = Release|Any CPU
		{EB8ECBA1-1203-4128-9CD1-54CD98330B18}.Release|Any CPU.Build.0 = Release|Any CPU
		{19E52CA4-3053-46C2-8E67-1C59701CBA21}.Debug|Any CPU.ActiveCfg = Debug|Any CPU
		{19E52CA4-3053-46C2-8E67-1C59701CBA21}.Debug|Any CPU.Build.0 = Debug|Any CPU
		{19E52CA4-3053-46C2-8E67-1C59701CBA21}.Release|Any CPU.ActiveCfg = Release|Any CPU
		{19E52CA4-3053-46C2-8E67-1C59701CBA21}.Release|Any CPU.Build.0 = Release|Any CPU
		{2A558D4B-7C39-48D0-9332-1C43CD8FDF7C}.Debug|Any CPU.ActiveCfg = Debug|Any CPU
		{2A558D4B-7C39-48D0-9332-1C43CD8FDF7C}.Debug|Any CPU.Build.0 = Debug|Any CPU
		{2A558D4B-7C39-48D0-9332-1C43CD8FDF7C}.Release|Any CPU.ActiveCfg = Release|Any CPU
		{2A558D4B-7C39-48D0-9332-1C43CD8FDF7C}.Release|Any CPU.Build.0 = Release|Any CPU
		{63ECC815-B89D-46D0-9804-3F9CF1EFD7B1}.Debug|Any CPU.ActiveCfg = Debug|Any CPU
		{63ECC815-B89D-46D0-9804-3F9CF1EFD7B1}.Debug|Any CPU.Build.0 = Debug|Any CPU
		{63ECC815-B89D-46D0-9804-3F9CF1EFD7B1}.Release|Any CPU.ActiveCfg = Release|Any CPU
		{63ECC815-B89D-46D0-9804-3F9CF1EFD7B1}.Release|Any CPU.Build.0 = Release|Any CPU
		{AB25E42B-8462-4539-A076-8ADCCB3E6940}.Debug|Any CPU.ActiveCfg = Debug|Any CPU
		{AB25E42B-8462-4539-A076-8ADCCB3E6940}.Debug|Any CPU.Build.0 = Debug|Any CPU
		{AB25E42B-8462-4539-A076-8ADCCB3E6940}.Release|Any CPU.ActiveCfg = Release|Any CPU
		{AB25E42B-8462-4539-A076-8ADCCB3E6940}.Release|Any CPU.Build.0 = Release|Any CPU
		{192FD39E-C6E3-4D7F-A231-E3F42648B90B}.Debug|Any CPU.ActiveCfg = Debug|Any CPU
		{192FD39E-C6E3-4D7F-A231-E3F42648B90B}.Debug|Any CPU.Build.0 = Debug|Any CPU
		{192FD39E-C6E3-4D7F-A231-E3F42648B90B}.Release|Any CPU.ActiveCfg = Release|Any CPU
		{192FD39E-C6E3-4D7F-A231-E3F42648B90B}.Release|Any CPU.Build.0 = Release|Any CPU
		{C500AE54-85CF-4B08-9B40-62C85D7672D9}.Debug|Any CPU.ActiveCfg = Debug|Any CPU
		{C500AE54-85CF-4B08-9B40-62C85D7672D9}.Debug|Any CPU.Build.0 = Debug|Any CPU
		{C500AE54-85CF-4B08-9B40-62C85D7672D9}.Release|Any CPU.ActiveCfg = Release|Any CPU
		{C500AE54-85CF-4B08-9B40-62C85D7672D9}.Release|Any CPU.Build.0 = Release|Any CPU
		{64B2BF98-DF42-471C-B0F3-3001D2786E77}.Debug|Any CPU.ActiveCfg = Debug|Any CPU
		{64B2BF98-DF42-471C-B0F3-3001D2786E77}.Debug|Any CPU.Build.0 = Debug|Any CPU
		{64B2BF98-DF42-471C-B0F3-3001D2786E77}.Release|Any CPU.ActiveCfg = Release|Any CPU
		{64B2BF98-DF42-471C-B0F3-3001D2786E77}.Release|Any CPU.Build.0 = Release|Any CPU
		{DB7C53AB-A6D6-4A94-AB42-0E1A9A8B3FF0}.Debug|Any CPU.ActiveCfg = Debug|Any CPU
		{DB7C53AB-A6D6-4A94-AB42-0E1A9A8B3FF0}.Debug|Any CPU.Build.0 = Debug|Any CPU
		{DB7C53AB-A6D6-4A94-AB42-0E1A9A8B3FF0}.Release|Any CPU.ActiveCfg = Release|Any CPU
		{DB7C53AB-A6D6-4A94-AB42-0E1A9A8B3FF0}.Release|Any CPU.Build.0 = Release|Any CPU
		{3D6EF1D9-D7D3-47B4-A498-D484E40202EF}.Debug|Any CPU.ActiveCfg = Debug|Any CPU
		{3D6EF1D9-D7D3-47B4-A498-D484E40202EF}.Debug|Any CPU.Build.0 = Debug|Any CPU
		{3D6EF1D9-D7D3-47B4-A498-D484E40202EF}.Release|Any CPU.ActiveCfg = Release|Any CPU
		{3D6EF1D9-D7D3-47B4-A498-D484E40202EF}.Release|Any CPU.Build.0 = Release|Any CPU
		{4C16A0C2-04FB-4338-9986-C45BAA6CF417}.Debug|Any CPU.ActiveCfg = Debug|Any CPU
		{4C16A0C2-04FB-4338-9986-C45BAA6CF417}.Debug|Any CPU.Build.0 = Debug|Any CPU
		{4C16A0C2-04FB-4338-9986-C45BAA6CF417}.Release|Any CPU.ActiveCfg = Release|Any CPU
		{4C16A0C2-04FB-4338-9986-C45BAA6CF417}.Release|Any CPU.Build.0 = Release|Any CPU
		{8996B605-8272-45E2-A648-1481A5057905}.Debug|Any CPU.ActiveCfg = Debug|Any CPU
		{8996B605-8272-45E2-A648-1481A5057905}.Debug|Any CPU.Build.0 = Debug|Any CPU
		{8996B605-8272-45E2-A648-1481A5057905}.Release|Any CPU.ActiveCfg = Release|Any CPU
		{8996B605-8272-45E2-A648-1481A5057905}.Release|Any CPU.Build.0 = Release|Any CPU
		{4616FDC5-ADB1-4CDE-A45F-553FEF2A27C0}.Debug|Any CPU.ActiveCfg = Debug|Any CPU
		{4616FDC5-ADB1-4CDE-A45F-553FEF2A27C0}.Debug|Any CPU.Build.0 = Debug|Any CPU
		{4616FDC5-ADB1-4CDE-A45F-553FEF2A27C0}.Release|Any CPU.ActiveCfg = Release|Any CPU
		{4616FDC5-ADB1-4CDE-A45F-553FEF2A27C0}.Release|Any CPU.Build.0 = Release|Any CPU
		{7A7949D0-A99F-486E-AEA0-B6AF5BDC51C6}.Debug|Any CPU.ActiveCfg = Debug|Any CPU
		{7A7949D0-A99F-486E-AEA0-B6AF5BDC51C6}.Debug|Any CPU.Build.0 = Debug|Any CPU
		{7A7949D0-A99F-486E-AEA0-B6AF5BDC51C6}.Release|Any CPU.ActiveCfg = Release|Any CPU
		{7A7949D0-A99F-486E-AEA0-B6AF5BDC51C6}.Release|Any CPU.Build.0 = Release|Any CPU
		{4E49E58D-02AE-4051-91AB-D724038BC778}.Debug|Any CPU.ActiveCfg = Debug|Any CPU
		{4E49E58D-02AE-4051-91AB-D724038BC778}.Debug|Any CPU.Build.0 = Debug|Any CPU
		{4E49E58D-02AE-4051-91AB-D724038BC778}.Release|Any CPU.ActiveCfg = Release|Any CPU
		{4E49E58D-02AE-4051-91AB-D724038BC778}.Release|Any CPU.Build.0 = Release|Any CPU
		{616121FA-F8B6-4FA9-BE92-9192116AE2B0}.Debug|Any CPU.ActiveCfg = Debug|Any CPU
		{616121FA-F8B6-4FA9-BE92-9192116AE2B0}.Debug|Any CPU.Build.0 = Debug|Any CPU
		{616121FA-F8B6-4FA9-BE92-9192116AE2B0}.Release|Any CPU.ActiveCfg = Release|Any CPU
		{616121FA-F8B6-4FA9-BE92-9192116AE2B0}.Release|Any CPU.Build.0 = Release|Any CPU
		{C32CAB56-7365-4443-A779-8F58BA5BEAAD}.Debug|Any CPU.ActiveCfg = Debug|Any CPU
		{C32CAB56-7365-4443-A779-8F58BA5BEAAD}.Debug|Any CPU.Build.0 = Debug|Any CPU
		{C32CAB56-7365-4443-A779-8F58BA5BEAAD}.Release|Any CPU.ActiveCfg = Release|Any CPU
		{C32CAB56-7365-4443-A779-8F58BA5BEAAD}.Release|Any CPU.Build.0 = Release|Any CPU
		{2E28A3D9-FB14-42B1-9ACC-8572ED3FC250}.Debug|Any CPU.ActiveCfg = Debug|Any CPU
		{2E28A3D9-FB14-42B1-9ACC-8572ED3FC250}.Debug|Any CPU.Build.0 = Debug|Any CPU
		{2E28A3D9-FB14-42B1-9ACC-8572ED3FC250}.Release|Any CPU.ActiveCfg = Release|Any CPU
		{2E28A3D9-FB14-42B1-9ACC-8572ED3FC250}.Release|Any CPU.Build.0 = Release|Any CPU
		{FB4D02EB-1FA8-4397-9E9D-9DAF47E62B72}.Debug|Any CPU.ActiveCfg = Debug|Any CPU
		{FB4D02EB-1FA8-4397-9E9D-9DAF47E62B72}.Debug|Any CPU.Build.0 = Debug|Any CPU
		{FB4D02EB-1FA8-4397-9E9D-9DAF47E62B72}.Release|Any CPU.ActiveCfg = Release|Any CPU
		{FB4D02EB-1FA8-4397-9E9D-9DAF47E62B72}.Release|Any CPU.Build.0 = Release|Any CPU
		{A58D0C3D-8E9B-4C5A-B4C3-2FC6BEC36B12}.Debug|Any CPU.ActiveCfg = Debug|Any CPU
		{A58D0C3D-8E9B-4C5A-B4C3-2FC6BEC36B12}.Debug|Any CPU.Build.0 = Debug|Any CPU
		{A58D0C3D-8E9B-4C5A-B4C3-2FC6BEC36B12}.Release|Any CPU.ActiveCfg = Release|Any CPU
		{A58D0C3D-8E9B-4C5A-B4C3-2FC6BEC36B12}.Release|Any CPU.Build.0 = Release|Any CPU
		{3659B124-4EB8-4D5C-A123-A24E77D4EF74}.Debug|Any CPU.ActiveCfg = Debug|Any CPU
		{3659B124-4EB8-4D5C-A123-A24E77D4EF74}.Debug|Any CPU.Build.0 = Debug|Any CPU
		{3659B124-4EB8-4D5C-A123-A24E77D4EF74}.Release|Any CPU.ActiveCfg = Release|Any CPU
		{3659B124-4EB8-4D5C-A123-A24E77D4EF74}.Release|Any CPU.Build.0 = Release|Any CPU
		{BA867402-47D1-45C1-8ED0-ED281BC5602A}.Debug|Any CPU.ActiveCfg = Debug|Any CPU
		{BA867402-47D1-45C1-8ED0-ED281BC5602A}.Debug|Any CPU.Build.0 = Debug|Any CPU
		{BA867402-47D1-45C1-8ED0-ED281BC5602A}.Release|Any CPU.ActiveCfg = Release|Any CPU
		{BA867402-47D1-45C1-8ED0-ED281BC5602A}.Release|Any CPU.Build.0 = Release|Any CPU
		{CBD7E6CE-41EC-43E8-AAF7-E88EB7B4CB72}.Debug|Any CPU.ActiveCfg = Debug|Any CPU
		{CBD7E6CE-41EC-43E8-AAF7-E88EB7B4CB72}.Debug|Any CPU.Build.0 = Debug|Any CPU
		{CBD7E6CE-41EC-43E8-AAF7-E88EB7B4CB72}.Release|Any CPU.ActiveCfg = Release|Any CPU
		{CBD7E6CE-41EC-43E8-AAF7-E88EB7B4CB72}.Release|Any CPU.Build.0 = Release|Any CPU
		{62784BC2-B97D-4C6C-B994-4073F9839DFD}.Debug|Any CPU.ActiveCfg = Debug|Any CPU
		{62784BC2-B97D-4C6C-B994-4073F9839DFD}.Debug|Any CPU.Build.0 = Debug|Any CPU
		{62784BC2-B97D-4C6C-B994-4073F9839DFD}.Release|Any CPU.ActiveCfg = Release|Any CPU
		{62784BC2-B97D-4C6C-B994-4073F9839DFD}.Release|Any CPU.Build.0 = Release|Any CPU
		{6CEC217B-C34F-489C-ACFD-421210574D48}.Debug|Any CPU.ActiveCfg = Debug|Any CPU
		{6CEC217B-C34F-489C-ACFD-421210574D48}.Debug|Any CPU.Build.0 = Debug|Any CPU
		{6CEC217B-C34F-489C-ACFD-421210574D48}.Release|Any CPU.ActiveCfg = Release|Any CPU
		{6CEC217B-C34F-489C-ACFD-421210574D48}.Release|Any CPU.Build.0 = Release|Any CPU
		{6789A6D0-2F26-48C4-9617-029713D7BED8}.Debug|Any CPU.ActiveCfg = Debug|Any CPU
		{6789A6D0-2F26-48C4-9617-029713D7BED8}.Debug|Any CPU.Build.0 = Debug|Any CPU
		{6789A6D0-2F26-48C4-9617-029713D7BED8}.Release|Any CPU.ActiveCfg = Release|Any CPU
		{6789A6D0-2F26-48C4-9617-029713D7BED8}.Release|Any CPU.Build.0 = Release|Any CPU
		{1EA69972-971F-46DF-A94A-A7907A927F60}.Debug|Any CPU.ActiveCfg = Debug|Any CPU
		{1EA69972-971F-46DF-A94A-A7907A927F60}.Debug|Any CPU.Build.0 = Debug|Any CPU
		{1EA69972-971F-46DF-A94A-A7907A927F60}.Release|Any CPU.ActiveCfg = Release|Any CPU
		{1EA69972-971F-46DF-A94A-A7907A927F60}.Release|Any CPU.Build.0 = Release|Any CPU
		{CFD644EE-EE1A-4CED-BCBA-6BD37EB93EAE}.Debug|Any CPU.ActiveCfg = Debug|Any CPU
		{CFD644EE-EE1A-4CED-BCBA-6BD37EB93EAE}.Debug|Any CPU.Build.0 = Debug|Any CPU
		{CFD644EE-EE1A-4CED-BCBA-6BD37EB93EAE}.Release|Any CPU.ActiveCfg = Release|Any CPU
		{CFD644EE-EE1A-4CED-BCBA-6BD37EB93EAE}.Release|Any CPU.Build.0 = Release|Any CPU
	EndGlobalSection
	GlobalSection(NestedProjects) = preSolution
		{B82474CC-F413-4314-9F05-6EC6EC6BCE9D} = {D323EAB4-1AE7-4EE2-9E76-49A21123BBD6}
		{4521F2AE-4985-4448-B62A-274BF1D1C648} = {D323EAB4-1AE7-4EE2-9E76-49A21123BBD6}
		{EA3B5565-33BE-4E97-AB73-FB1C0AF6949C} = {D323EAB4-1AE7-4EE2-9E76-49A21123BBD6}
		{08F7C52D-D730-4198-B7BA-F0E7F4A255DC} = {D323EAB4-1AE7-4EE2-9E76-49A21123BBD6}
		{D24723E9-E7CF-4746-B23B-05943ED3DB99} = {D323EAB4-1AE7-4EE2-9E76-49A21123BBD6}
		{D15981A1-A376-4054-8BEB-8970B480C60E} = {D323EAB4-1AE7-4EE2-9E76-49A21123BBD6}
		{62112987-C23D-45EE-BEC1-40ACC3C4AA16} = {0EA80D2E-78FD-4147-8C81-E9CA46B1F519}
		{14C0AB79-46AF-4C8D-B6CD-9F7F260E4232} = {0EA80D2E-78FD-4147-8C81-E9CA46B1F519}
		{AEBD4B8C-5E65-4ADC-A0E5-F915010EB524} = {0EA80D2E-78FD-4147-8C81-E9CA46B1F519}
		{B11D7D2B-473C-492D-B776-D561C58F24AF} = {0EA80D2E-78FD-4147-8C81-E9CA46B1F519}
		{3B608084-1E12-4555-9CB5-4CC0A70133AB} = {0EA80D2E-78FD-4147-8C81-E9CA46B1F519}
		{BE7EE2E0-8425-4347-9750-EDFAC98573B7} = {0EA80D2E-78FD-4147-8C81-E9CA46B1F519}
		{10425C18-AD8C-4E9C-A81C-AA0B5AA24D86} = {6B500229-70AC-4AC8-8F74-EB5A822A1B13}
		{9B8DD7D1-5923-4A68-9F12-A9E159C2E102} = {6B500229-70AC-4AC8-8F74-EB5A822A1B13}
		{EB8ECBA1-1203-4128-9CD1-54CD98330B18} = {6B500229-70AC-4AC8-8F74-EB5A822A1B13}
		{19E52CA4-3053-46C2-8E67-1C59701CBA21} = {6B500229-70AC-4AC8-8F74-EB5A822A1B13}
		{2A558D4B-7C39-48D0-9332-1C43CD8FDF7C} = {6B500229-70AC-4AC8-8F74-EB5A822A1B13}
		{63ECC815-B89D-46D0-9804-3F9CF1EFD7B1} = {6B500229-70AC-4AC8-8F74-EB5A822A1B13}
		{AB25E42B-8462-4539-A076-8ADCCB3E6940} = {918EA970-8EF4-4D3C-BF4F-45B99ED2F949}
		{192FD39E-C6E3-4D7F-A231-E3F42648B90B} = {918EA970-8EF4-4D3C-BF4F-45B99ED2F949}
		{C500AE54-85CF-4B08-9B40-62C85D7672D9} = {918EA970-8EF4-4D3C-BF4F-45B99ED2F949}
		{64B2BF98-DF42-471C-B0F3-3001D2786E77} = {918EA970-8EF4-4D3C-BF4F-45B99ED2F949}
		{DB7C53AB-A6D6-4A94-AB42-0E1A9A8B3FF0} = {918EA970-8EF4-4D3C-BF4F-45B99ED2F949}
		{3D6EF1D9-D7D3-47B4-A498-D484E40202EF} = {918EA970-8EF4-4D3C-BF4F-45B99ED2F949}
		{4C16A0C2-04FB-4338-9986-C45BAA6CF417} = {74DC7F43-AA18-4B67-A9A4-7B01F13954CC}
		{8996B605-8272-45E2-A648-1481A5057905} = {74DC7F43-AA18-4B67-A9A4-7B01F13954CC}
		{4616FDC5-ADB1-4CDE-A45F-553FEF2A27C0} = {74DC7F43-AA18-4B67-A9A4-7B01F13954CC}
		{7A7949D0-A99F-486E-AEA0-B6AF5BDC51C6} = {74DC7F43-AA18-4B67-A9A4-7B01F13954CC}
		{4E49E58D-02AE-4051-91AB-D724038BC778} = {74DC7F43-AA18-4B67-A9A4-7B01F13954CC}
		{616121FA-F8B6-4FA9-BE92-9192116AE2B0} = {74DC7F43-AA18-4B67-A9A4-7B01F13954CC}
		{C32CAB56-7365-4443-A779-8F58BA5BEAAD} = {3D7E2FD2-FC71-4A9B-BEA1-81DCD6E9998F}
		{2E28A3D9-FB14-42B1-9ACC-8572ED3FC250} = {3D7E2FD2-FC71-4A9B-BEA1-81DCD6E9998F}
		{FB4D02EB-1FA8-4397-9E9D-9DAF47E62B72} = {3D7E2FD2-FC71-4A9B-BEA1-81DCD6E9998F}
		{A58D0C3D-8E9B-4C5A-B4C3-2FC6BEC36B12} = {3D7E2FD2-FC71-4A9B-BEA1-81DCD6E9998F}
		{3659B124-4EB8-4D5C-A123-A24E77D4EF74} = {3D7E2FD2-FC71-4A9B-BEA1-81DCD6E9998F}
		{BA867402-47D1-45C1-8ED0-ED281BC5602A} = {3D7E2FD2-FC71-4A9B-BEA1-81DCD6E9998F}
		{CBD7E6CE-41EC-43E8-AAF7-E88EB7B4CB72} = {0F486681-D654-4D2A-AD8A-FE7D617628CC}
		{62784BC2-B97D-4C6C-B994-4073F9839DFD} = {0EA80D2E-78FD-4147-8C81-E9CA46B1F519}
		{6CEC217B-C34F-489C-ACFD-421210574D48} = {0EA80D2E-78FD-4147-8C81-E9CA46B1F519}
		{6789A6D0-2F26-48C4-9617-029713D7BED8} = {0EA80D2E-78FD-4147-8C81-E9CA46B1F519}
		{1EA69972-971F-46DF-A94A-A7907A927F60} = {0EA80D2E-78FD-4147-8C81-E9CA46B1F519}
		{CFD644EE-EE1A-4CED-BCBA-6BD37EB93EAE} = {918EA970-8EF4-4D3C-BF4F-45B99ED2F949}
	EndGlobalSection
EndGlobal
